
Microsoft Visual Studio Solution File, Format Version 10.00
# Visual C# Express 2008
Project("{FAE04EC0-301F-11D3-BF4B-00C04F79EFBC}") = "GradsSharp", "GradsSharp\GradsSharp.csproj", "{D64A71DE-18B6-4B15-9586-30930FA20D5A}"
EndProject
Project("{FAE04EC0-301F-11D3-BF4B-00C04F79EFBC}") = "GradsSharpTest", "GradsSharpTest\GradsSharpTest.csproj", "{632F0A38-9FD2-4070-8A1E-967F950BCF25}"
EndProject
Global
	GlobalSection(SolutionConfigurationPlatforms) = preSolution
		Debug|Any CPU = Debug|Any CPU
		Release|Any CPU = Release|Any CPU
	EndGlobalSection
	GlobalSection(ProjectConfigurationPlatforms) = postSolution
		{D64A71DE-18B6-4B15-9586-30930FA20D5A}.Debug|Any CPU.ActiveCfg = Debug|Any CPU
		{D64A71DE-18B6-4B15-9586-30930FA20D5A}.Debug|Any CPU.Build.0 = Debug|Any CPU
		{D64A71DE-18B6-4B15-9586-30930FA20D5A}.Release|Any CPU.ActiveCfg = Release|Any CPU
		{D64A71DE-18B6-4B15-9586-30930FA20D5A}.Release|Any CPU.Build.0 = Release|Any CPU
		{632F0A38-9FD2-4070-8A1E-967F950BCF25}.Debug|Any CPU.ActiveCfg = Debug|Any CPU
		{632F0A38-9FD2-4070-8A1E-967F950BCF25}.Debug|Any CPU.Build.0 = Debug|Any CPU
		{632F0A38-9FD2-4070-8A1E-967F950BCF25}.Release|Any CPU.ActiveCfg = Release|Any CPU
		{632F0A38-9FD2-4070-8A1E-967F950BCF25}.Release|Any CPU.Build.0 = Release|Any CPU
	EndGlobalSection
	GlobalSection(SolutionProperties) = preSolution
		HideSolutionNode = FALSE
	EndGlobalSection
EndGlobal
